
Microsoft Visual Studio Solution File, Format Version 12.00
# Visual Studio Version 17
VisualStudioVersion = 17.8.34511.84
MinimumVisualStudioVersion = 10.0.40219.1
Project("{FAE04EC0-301F-11D3-BF4B-00C04F79EFBC}") = "ListaDiccionarioExcepcionQ22024", "ListaDiccionarioExcepcionQ22024\ListaDiccionarioExcepcionQ22024.csproj", "{BBBFDCC6-5C07-4740-B0C0-9E4433CFE662}"
EndProject
Global
	GlobalSection(SolutionConfigurationPlatforms) = preSolution
		Debug|Any CPU = Debug|Any CPU
		Release|Any CPU = Release|Any CPU
	EndGlobalSection
	GlobalSection(ProjectConfigurationPlatforms) = postSolution
		{BBBFDCC6-5C07-4740-B0C0-9E4433CFE662}.Debug|Any CPU.ActiveCfg = Debug|Any CPU
		{BBBFDCC6-5C07-4740-B0C0-9E4433CFE662}.Debug|Any CPU.Build.0 = Debug|Any CPU
		{BBBFDCC6-5C07-4740-B0C0-9E4433CFE662}.Release|Any CPU.ActiveCfg = Release|Any CPU
		{BBBFDCC6-5C07-4740-B0C0-9E4433CFE662}.Release|Any CPU.Build.0 = Release|Any CPU
	EndGlobalSection
	GlobalSection(SolutionProperties) = preSolution
		HideSolutionNode = FALSE
	EndGlobalSection
	GlobalSection(ExtensibilityGlobals) = postSolution
		SolutionGuid = {987DBC4E-86D9-47D5-9954-EAE03CC5BAD9}
	EndGlobalSection
EndGlobal
